// !$*UTF8*$!
{
	archiveVersion = 1;
	classes = {
	};
	objectVersion = 56;
	objects = {

/* Begin PBXBuildFile section */
		EB4AC3E52BEE64B0007F4210 /* AppDelegate.swift in Sources */ = {isa = PBXBuildFile; fileRef = EB4AC3E42BEE64B0007F4210 /* AppDelegate.swift */; };
		EB4AC3E72BEE64B0007F4210 /* SceneDelegate.swift in Sources */ = {isa = PBXBuildFile; fileRef = EB4AC3E62BEE64B0007F4210 /* SceneDelegate.swift */; };
		EB4AC3E92BEE64B0007F4210 /* ViewController.swift in Sources */ = {isa = PBXBuildFile; fileRef = EB4AC3E82BEE64B0007F4210 /* ViewController.swift */; };
		EB4AC3EC2BEE64B0007F4210 /* Main.storyboard in Resources */ = {isa = PBXBuildFile; fileRef = EB4AC3EA2BEE64B0007F4210 /* Main.storyboard */; };
		EB4AC3EE2BEE64B1007F4210 /* Assets.xcassets in Resources */ = {isa = PBXBuildFile; fileRef = EB4AC3ED2BEE64B1007F4210 /* Assets.xcassets */; };
		EB4AC3F12BEE64B1007F4210 /* LaunchScreen.storyboard in Resources */ = {isa = PBXBuildFile; fileRef = EB4AC3EF2BEE64B1007F4210 /* LaunchScreen.storyboard */; };
		EB4AC3FC2BEE64B1007F4210 /* I_am_RichTests.swift in Sources */ = {isa = PBXBuildFile; fileRef = EB4AC3FB2BEE64B1007F4210 /* I_am_RichTests.swift */; };
		EB4AC4062BEE64B1007F4210 /* I_am_RichUITests.swift in Sources */ = {isa = PBXBuildFile; fileRef = EB4AC4052BEE64B1007F4210 /* I_am_RichUITests.swift */; };
		EB4AC4082BEE64B1007F4210 /* I_am_RichUITestsLaunchTests.swift in Sources */ = {isa = PBXBuildFile; fileRef = EB4AC4072BEE64B1007F4210 /* I_am_RichUITestsLaunchTests.swift */; };
/* End PBXBuildFile section */

/* Begin PBXContainerItemProxy section */
		EB4AC3F82BEE64B1007F4210 /* PBXContainerItemProxy */ = {
			isa = PBXContainerItemProxy;
			containerPortal = EB4AC3D92BEE64B0007F4210 /* Project object */;
			proxyType = 1;
			remoteGlobalIDString = EB4AC3E02BEE64B0007F4210;
			remoteInfo = "I am Rich";
		};
		EB4AC4022BEE64B1007F4210 /* PBXContainerItemProxy */ = {
			isa = PBXContainerItemProxy;
			containerPortal = EB4AC3D92BEE64B0007F4210 /* Project object */;
			proxyType = 1;
			remoteGlobalIDString = EB4AC3E02BEE64B0007F4210;
			remoteInfo = "I am Rich";
		};
/* End PBXContainerItemProxy section */

/* Begin PBXFileReference section */
		EB4AC3E12BEE64B0007F4210 /* I am Rich.app */ = {isa = PBXFileReference; explicitFileType = wrapper.application; includeInIndex = 0; path = "I am Rich.app"; sourceTree = BUILT_PRODUCTS_DIR; };
		EB4AC3E42BEE64B0007F4210 /* AppDelegate.swift */ = {isa = PBXFileReference; lastKnownFileType = sourcecode.swift; path = AppDelegate.swift; sourceTree = "<group>"; };
		EB4AC3E62BEE64B0007F4210 /* SceneDelegate.swift */ = {isa = PBXFileReference; lastKnownFileType = sourcecode.swift; path = SceneDelegate.swift; sourceTree = "<group>"; };
		EB4AC3E82BEE64B0007F4210 /* ViewController.swift */ = {isa = PBXFileReference; lastKnownFileType = sourcecode.swift; path = ViewController.swift; sourceTree = "<group>"; };
		EB4AC3EB2BEE64B0007F4210 /* Base */ = {isa = PBXFileReference; lastKnownFileType = file.storyboard; name = Base; path = Base.lproj/Main.storyboard; sourceTree = "<group>"; };
		EB4AC3ED2BEE64B1007F4210 /* Assets.xcassets */ = {isa = PBXFileReference; lastKnownFileType = folder.assetcatalog; path = Assets.xcassets; sourceTree = "<group>"; };
		EB4AC3F02BEE64B1007F4210 /* Base */ = {isa = PBXFileReference; lastKnownFileType = file.storyboard; name = Base; path = Base.lproj/LaunchScreen.storyboard; sourceTree = "<group>"; };
		EB4AC3F22BEE64B1007F4210 /* Info.plist */ = {isa = PBXFileReference; lastKnownFileType = text.plist.xml; path = Info.plist; sourceTree = "<group>"; };
		EB4AC3F72BEE64B1007F4210 /* I am RichTests.xctest */ = {isa = PBXFileReference; explicitFileType = wrapper.cfbundle; includeInIndex = 0; path = "I am RichTests.xctest"; sourceTree = BUILT_PRODUCTS_DIR; };
		EB4AC3FB2BEE64B1007F4210 /* I_am_RichTests.swift */ = {isa = PBXFileReference; lastKnownFileType = sourcecode.swift; path = I_am_RichTests.swift; sourceTree = "<group>"; };
		EB4AC4012BEE64B1007F4210 /* I am RichUITests.xctest */ = {isa = PBXFileReference; explicitFileType = wrapper.cfbundle; includeInIndex = 0; path = "I am RichUITests.xctest"; sourceTree = BUILT_PRODUCTS_DIR; };
		EB4AC4052BEE64B1007F4210 /* I_am_RichUITests.swift */ = {isa = PBXFileReference; lastKnownFileType = sourcecode.swift; path = I_am_RichUITests.swift; sourceTree = "<group>"; };
		EB4AC4072BEE64B1007F4210 /* I_am_RichUITestsLaunchTests.swift */ = {isa = PBXFileReference; lastKnownFileType = sourcecode.swift; path = I_am_RichUITestsLaunchTests.swift; sourceTree = "<group>"; };
/* End PBXFileReference section */

/* Begin PBXFrameworksBuildPhase section */
		EB4AC3DE2BEE64B0007F4210 /* Frameworks */ = {
			isa = PBXFrameworksBuildPhase;
			buildActionMask = 2147483647;
			files = (
			);
			runOnlyForDeploymentPostprocessing = 0;
		};
		EB4AC3F42BEE64B1007F4210 /* Frameworks */ = {
			isa = PBXFrameworksBuildPhase;
			buildActionMask = 2147483647;
			files = (
			);
			runOnlyForDeploymentPostprocessing = 0;
		};
		EB4AC3FE2BEE64B1007F4210 /* Frameworks */ = {
			isa = PBXFrameworksBuildPhase;
			buildActionMask = 2147483647;
			files = (
			);
			runOnlyForDeploymentPostprocessing = 0;
		};
/* End PBXFrameworksBuildPhase section */

/* Begin PBXGroup section */
		EB4AC3D82BEE64B0007F4210 = {
			isa = PBXGroup;
			children = (
				EB4AC3E32BEE64B0007F4210 /* I am Rich */,
				EB4AC3FA2BEE64B1007F4210 /* I am RichTests */,
				EB4AC4042BEE64B1007F4210 /* I am RichUITests */,
				EB4AC3E22BEE64B0007F4210 /* Products */,
			);
			sourceTree = "<group>";
		};
		EB4AC3E22BEE64B0007F4210 /* Products */ = {
			isa = PBXGroup;
			children = (
				EB4AC3E12BEE64B0007F4210 /* I am Rich.app */,
				EB4AC3F72BEE64B1007F4210 /* I am RichTests.xctest */,
				EB4AC4012BEE64B1007F4210 /* I am RichUITests.xctest */,
			);
			name = Products;
			sourceTree = "<group>";
		};
		EB4AC3E32BEE64B0007F4210 /* I am Rich */ = {
			isa = PBXGroup;
			children = (
				EB4AC3E42BEE64B0007F4210 /* AppDelegate.swift */,
				EB4AC3E62BEE64B0007F4210 /* SceneDelegate.swift */,
				EB4AC3E82BEE64B0007F4210 /* ViewController.swift */,
				EB4AC3EA2BEE64B0007F4210 /* Main.storyboard */,
				EB4AC3ED2BEE64B1007F4210 /* Assets.xcassets */,
				EB4AC3EF2BEE64B1007F4210 /* LaunchScreen.storyboard */,
				EB4AC3F22BEE64B1007F4210 /* Info.plist */,
			);
			path = "I am Rich";
			sourceTree = "<group>";
		};
		EB4AC3FA2BEE64B1007F4210 /* I am RichTests */ = {
			isa = PBXGroup;
			children = (
				EB4AC3FB2BEE64B1007F4210 /* I_am_RichTests.swift */,
			);
			path = "I am RichTests";
			sourceTree = "<group>";
		};
		EB4AC4042BEE64B1007F4210 /* I am RichUITests */ = {
			isa = PBXGroup;
			children = (
				EB4AC4052BEE64B1007F4210 /* I_am_RichUITests.swift */,
				EB4AC4072BEE64B1007F4210 /* I_am_RichUITestsLaunchTests.swift */,
			);
			path = "I am RichUITests";
			sourceTree = "<group>";
		};
/* End PBXGroup section */

/* Begin PBXNativeTarget section */
		EB4AC3E02BEE64B0007F4210 /* I am Rich */ = {
			isa = PBXNativeTarget;
			buildConfigurationList = EB4AC40B2BEE64B1007F4210 /* Build configuration list for PBXNativeTarget "I am Rich" */;
			buildPhases = (
				EB4AC3DD2BEE64B0007F4210 /* Sources */,
				EB4AC3DE2BEE64B0007F4210 /* Frameworks */,
				EB4AC3DF2BEE64B0007F4210 /* Resources */,
			);
			buildRules = (
			);
			dependencies = (
			);
			name = "I am Rich";
			productName = "I am Rich";
			productReference = EB4AC3E12BEE64B0007F4210 /* I am Rich.app */;
			productType = "com.apple.product-type.application";
		};
		EB4AC3F62BEE64B1007F4210 /* I am RichTests */ = {
			isa = PBXNativeTarget;
			buildConfigurationList = EB4AC40E2BEE64B1007F4210 /* Build configuration list for PBXNativeTarget "I am RichTests" */;
			buildPhases = (
				EB4AC3F32BEE64B1007F4210 /* Sources */,
				EB4AC3F42BEE64B1007F4210 /* Frameworks */,
				EB4AC3F52BEE64B1007F4210 /* Resources */,
			);
			buildRules = (
			);
			dependencies = (
				EB4AC3F92BEE64B1007F4210 /* PBXTargetDependency */,
			);
			name = "I am RichTests";
			productName = "I am RichTests";
			productReference = EB4AC3F72BEE64B1007F4210 /* I am RichTests.xctest */;
			productType = "com.apple.product-type.bundle.unit-test";
		};
		EB4AC4002BEE64B1007F4210 /* I am RichUITests */ = {
			isa = PBXNativeTarget;
			buildConfigurationList = EB4AC4112BEE64B1007F4210 /* Build configuration list for PBXNativeTarget "I am RichUITests" */;
			buildPhases = (
				EB4AC3FD2BEE64B1007F4210 /* Sources */,
				EB4AC3FE2BEE64B1007F4210 /* Frameworks */,
				EB4AC3FF2BEE64B1007F4210 /* Resources */,
			);
			buildRules = (
			);
			dependencies = (
				EB4AC4032BEE64B1007F4210 /* PBXTargetDependency */,
			);
			name = "I am RichUITests";
			productName = "I am RichUITests";
			productReference = EB4AC4012BEE64B1007F4210 /* I am RichUITests.xctest */;
			productType = "com.apple.product-type.bundle.ui-testing";
		};
/* End PBXNativeTarget section */

/* Begin PBXProject section */
		EB4AC3D92BEE64B0007F4210 /* Project object */ = {
			isa = PBXProject;
			attributes = {
				BuildIndependentTargetsInParallel = 1;
				LastSwiftUpdateCheck = 1520;
				LastUpgradeCheck = 1520;
				TargetAttributes = {
					EB4AC3E02BEE64B0007F4210 = {
						CreatedOnToolsVersion = 15.2;
					};
					EB4AC3F62BEE64B1007F4210 = {
						CreatedOnToolsVersion = 15.2;
						TestTargetID = EB4AC3E02BEE64B0007F4210;
					};
					EB4AC4002BEE64B1007F4210 = {
						CreatedOnToolsVersion = 15.2;
						TestTargetID = EB4AC3E02BEE64B0007F4210;
					};
				};
			};
			buildConfigurationList = EB4AC3DC2BEE64B0007F4210 /* Build configuration list for PBXProject "I am Rich" */;
			compatibilityVersion = "Xcode 14.0";
			developmentRegion = en;
			hasScannedForEncodings = 0;
			knownRegions = (
				en,
				Base,
			);
			mainGroup = EB4AC3D82BEE64B0007F4210;
			productRefGroup = EB4AC3E22BEE64B0007F4210 /* Products */;
			projectDirPath = "";
			projectRoot = "";
			targets = (
				EB4AC3E02BEE64B0007F4210 /* I am Rich */,
				EB4AC3F62BEE64B1007F4210 /* I am RichTests */,
				EB4AC4002BEE64B1007F4210 /* I am RichUITests */,
			);
		};
/* End PBXProject section */

/* Begin PBXResourcesBuildPhase section */
		EB4AC3DF2BEE64B0007F4210 /* Resources */ = {
			isa = PBXResourcesBuildPhase;
			buildActionMask = 2147483647;
			files = (
				EB4AC3F12BEE64B1007F4210 /* LaunchScreen.storyboard in Resources */,
				EB4AC3EE2BEE64B1007F4210 /* Assets.xcassets in Resources */,
				EB4AC3EC2BEE64B0007F4210 /* Main.storyboard in Resources */,
			);
			runOnlyForDeploymentPostprocessing = 0;
		};
		EB4AC3F52BEE64B1007F4210 /* Resources */ = {
			isa = PBXResourcesBuildPhase;
			buildActionMask = 2147483647;
			files = (
			);
			runOnlyForDeploymentPostprocessing = 0;
		};
		EB4AC3FF2BEE64B1007F4210 /* Resources */ = {
			isa = PBXResourcesBuildPhase;
			buildActionMask = 2147483647;
			files = (
			);
			runOnlyForDeploymentPostprocessing = 0;
		};
/* End PBXResourcesBuildPhase section */

/* Begin PBXSourcesBuildPhase section */
		EB4AC3DD2BEE64B0007F4210 /* Sources */ = {
			isa = PBXSourcesBuildPhase;
			buildActionMask = 2147483647;
			files = (
				EB4AC3E92BEE64B0007F4210 /* ViewController.swift in Sources */,
				EB4AC3E52BEE64B0007F4210 /* AppDelegate.swift in Sources */,
				EB4AC3E72BEE64B0007F4210 /* SceneDelegate.swift in Sources */,
			);
			runOnlyForDeploymentPostprocessing = 0;
		};
		EB4AC3F32BEE64B1007F4210 /* Sources */ = {
			isa = PBXSourcesBuildPhase;
			buildActionMask = 2147483647;
			files = (
				EB4AC3FC2BEE64B1007F4210 /* I_am_RichTests.swift in Sources */,
			);
			runOnlyForDeploymentPostprocessing = 0;
		};
		EB4AC3FD2BEE64B1007F4210 /* Sources */ = {
			isa = PBXSourcesBuildPhase;
			buildActionMask = 2147483647;
			files = (
				EB4AC4082BEE64B1007F4210 /* I_am_RichUITestsLaunchTests.swift in Sources */,
				EB4AC4062BEE64B1007F4210 /* I_am_RichUITests.swift in Sources */,
			);
			runOnlyForDeploymentPostprocessing = 0;
		};
/* End PBXSourcesBuildPhase section */

/* Begin PBXTargetDependency section */
		EB4AC3F92BEE64B1007F4210 /* PBXTargetDependency */ = {
			isa = PBXTargetDependency;
			target = EB4AC3E02BEE64B0007F4210 /* I am Rich */;
			targetProxy = EB4AC3F82BEE64B1007F4210 /* PBXContainerItemProxy */;
		};
		EB4AC4032BEE64B1007F4210 /* PBXTargetDependency */ = {
			isa = PBXTargetDependency;
			target = EB4AC3E02BEE64B0007F4210 /* I am Rich */;
			targetProxy = EB4AC4022BEE64B1007F4210 /* PBXContainerItemProxy */;
		};
/* End PBXTargetDependency section */

/* Begin PBXVariantGroup section */
		EB4AC3EA2BEE64B0007F4210 /* Main.storyboard */ = {
			isa = PBXVariantGroup;
			children = (
				EB4AC3EB2BEE64B0007F4210 /* Base */,
			);
			name = Main.storyboard;
			sourceTree = "<group>";
		};
		EB4AC3EF2BEE64B1007F4210 /* LaunchScreen.storyboard */ = {
			isa = PBXVariantGroup;
			children = (
				EB4AC3F02BEE64B1007F4210 /* Base */,
			);
			name = LaunchScreen.storyboard;
			sourceTree = "<group>";
		};
/* End PBXVariantGroup section */

/* Begin XCBuildConfiguration section */
		EB4AC4092BEE64B1007F4210 /* Debug */ = {
			isa = XCBuildConfiguration;
			buildSettings = {
				ALWAYS_SEARCH_USER_PATHS = NO;
				ASSETCATALOG_COMPILER_GENERATE_SWIFT_ASSET_SYMBOL_EXTENSIONS = YES;
				CLANG_ANALYZER_NONNULL = YES;
				CLANG_ANALYZER_NUMBER_OBJECT_CONVERSION = YES_AGGRESSIVE;
				CLANG_CXX_LANGUAGE_STANDARD = "gnu++20";
				CLANG_ENABLE_MODULES = YES;
				CLANG_ENABLE_OBJC_ARC = YES;
				CLANG_ENABLE_OBJC_WEAK = YES;
				CLANG_WARN_BLOCK_CAPTURE_AUTORELEASING = YES;
				CLANG_WARN_BOOL_CONVERSION = YES;
				CLANG_WARN_COMMA = YES;
				CLANG_WARN_CONSTANT_CONVERSION = YES;
				CLANG_WARN_DEPRECATED_OBJC_IMPLEMENTATIONS = YES;
				CLANG_WARN_DIRECT_OBJC_ISA_USAGE = YES_ERROR;
				CLANG_WARN_DOCUMENTATION_COMMENTS = YES;
				CLANG_WARN_EMPTY_BODY = YES;
				CLANG_WARN_ENUM_CONVERSION = YES;
				CLANG_WARN_INFINITE_RECURSION = YES;
				CLANG_WARN_INT_CONVERSION = YES;
				CLANG_WARN_NON_LITERAL_NULL_CONVERSION = YES;
				CLANG_WARN_OBJC_IMPLICIT_RETAIN_SELF = YES;
				CLANG_WARN_OBJC_LITERAL_CONVERSION = YES;
				CLANG_WARN_OBJC_ROOT_CLASS = YES_ERROR;
				CLANG_WARN_QUOTED_INCLUDE_IN_FRAMEWORK_HEADER = YES;
				CLANG_WARN_RANGE_LOOP_ANALYSIS = YES;
				CLANG_WARN_STRICT_PROTOTYPES = YES;
				CLANG_WARN_SUSPICIOUS_MOVE = YES;
				CLANG_WARN_UNGUARDED_AVAILABILITY = YES_AGGRESSIVE;
				CLANG_WARN_UNREACHABLE_CODE = YES;
				CLANG_WARN__DUPLICATE_METHOD_MATCH = YES;
				COPY_PHASE_STRIP = NO;
				DEBUG_INFORMATION_FORMAT = dwarf;
				ENABLE_STRICT_OBJC_MSGSEND = YES;
				ENABLE_TESTABILITY = YES;
				ENABLE_USER_SCRIPT_SANDBOXING = YES;
				GCC_C_LANGUAGE_STANDARD = gnu17;
				GCC_DYNAMIC_NO_PIC = NO;
				GCC_NO_COMMON_BLOCKS = YES;
				GCC_OPTIMIZATION_LEVEL = 0;
				GCC_PREPROCESSOR_DEFINITIONS = (
					"DEBUG=1",
					"$(inherited)",
				);
				GCC_WARN_64_TO_32_BIT_CONVERSION = YES;
				GCC_WARN_ABOUT_RETURN_TYPE = YES_ERROR;
				GCC_WARN_UNDECLARED_SELECTOR = YES;
				GCC_WARN_UNINITIALIZED_AUTOS = YES_AGGRESSIVE;
				GCC_WARN_UNUSED_FUNCTION = YES;
				GCC_WARN_UNUSED_VARIABLE = YES;
				IPHONEOS_DEPLOYMENT_TARGET = 17.2;
				LOCALIZATION_PREFERS_STRING_CATALOGS = YES;
				MTL_ENABLE_DEBUG_INFO = INCLUDE_SOURCE;
				MTL_FAST_MATH = YES;
				ONLY_ACTIVE_ARCH = YES;
				SDKROOT = iphoneos;
				SWIFT_ACTIVE_COMPILATION_CONDITIONS = "DEBUG $(inherited)";
				SWIFT_OPTIMIZATION_LEVEL = "-Onone";
			};
			name = Debug;
		};
		EB4AC40A2BEE64B1007F4210 /* Release */ = {
			isa = XCBuildConfiguration;
			buildSettings = {
				ALWAYS_SEARCH_USER_PATHS = NO;
				ASSETCATALOG_COMPILER_GENERATE_SWIFT_ASSET_SYMBOL_EXTENSIONS = YES;
				CLANG_ANALYZER_NONNULL = YES;
				CLANG_ANALYZER_NUMBER_OBJECT_CONVERSION = YES_AGGRESSIVE;
				CLANG_CXX_LANGUAGE_STANDARD = "gnu++20";
				CLANG_ENABLE_MODULES = YES;
				CLANG_ENABLE_OBJC_ARC = YES;
				CLANG_ENABLE_OBJC_WEAK = YES;
				CLANG_WARN_BLOCK_CAPTURE_AUTORELEASING = YES;
				CLANG_WARN_BOOL_CONVERSION = YES;
				CLANG_WARN_COMMA = YES;
				CLANG_WARN_CONSTANT_CONVERSION = YES;
				CLANG_WARN_DEPRECATED_OBJC_IMPLEMENTATIONS = YES;
				CLANG_WARN_DIRECT_OBJC_ISA_USAGE = YES_ERROR;
				CLANG_WARN_DOCUMENTATION_COMMENTS = YES;
				CLANG_WARN_EMPTY_BODY = YES;
				CLANG_WARN_ENUM_CONVERSION = YES;
				CLANG_WARN_INFINITE_RECURSION = YES;
				CLANG_WARN_INT_CONVERSION = YES;
				CLANG_WARN_NON_LITERAL_NULL_CONVERSION = YES;
				CLANG_WARN_OBJC_IMPLICIT_RETAIN_SELF = YES;
				CLANG_WARN_OBJC_LITERAL_CONVERSION = YES;
				CLANG_WARN_OBJC_ROOT_CLASS = YES_ERROR;
				CLANG_WARN_QUOTED_INCLUDE_IN_FRAMEWORK_HEADER = YES;
				CLANG_WARN_RANGE_LOOP_ANALYSIS = YES;
				CLANG_WARN_STRICT_PROTOTYPES = YES;
				CLANG_WARN_SUSPICIOUS_MOVE = YES;
				CLANG_WARN_UNGUARDED_AVAILABILITY = YES_AGGRESSIVE;
				CLANG_WARN_UNREACHABLE_CODE = YES;
				CLANG_WARN__DUPLICATE_METHOD_MATCH = YES;
				COPY_PHASE_STRIP = NO;
				DEBUG_INFORMATION_FORMAT = "dwarf-with-dsym";
				ENABLE_NS_ASSERTIONS = NO;
				ENABLE_STRICT_OBJC_MSGSEND = YES;
				ENABLE_USER_SCRIPT_SANDBOXING = YES;
				GCC_C_LANGUAGE_STANDARD = gnu17;
				GCC_NO_COMMON_BLOCKS = YES;
				GCC_WARN_64_TO_32_BIT_CONVERSION = YES;
				GCC_WARN_ABOUT_RETURN_TYPE = YES_ERROR;
				GCC_WARN_UNDECLARED_SELECTOR = YES;
				GCC_WARN_UNINITIALIZED_AUTOS = YES_AGGRESSIVE;
				GCC_WARN_UNUSED_FUNCTION = YES;
				GCC_WARN_UNUSED_VARIABLE = YES;
				IPHONEOS_DEPLOYMENT_TARGET = 17.2;
				LOCALIZATION_PREFERS_STRING_CATALOGS = YES;
				MTL_ENABLE_DEBUG_INFO = NO;
				MTL_FAST_MATH = YES;
				SDKROOT = iphoneos;
				SWIFT_COMPILATION_MODE = wholemodule;
				VALIDATE_PRODUCT = YES;
			};
			name = Release;
		};
		EB4AC40C2BEE64B1007F4210 /* Debug */ = {
			isa = XCBuildConfiguration;
			buildSettings = {
				ASSETCATALOG_COMPILER_APPICON_NAME = AppIcon;
				ASSETCATALOG_COMPILER_GLOBAL_ACCENT_COLOR_NAME = AccentColor;
				CODE_SIGN_STYLE = Automatic;
				CURRENT_PROJECT_VERSION = 1;
				GENERATE_INFOPLIST_FILE = YES;
				INFOPLIST_FILE = "I am Rich/Info.plist";
				INFOPLIST_KEY_UIApplicationSupportsIndirectInputEvents = YES;
				INFOPLIST_KEY_UILaunchStoryboardName = LaunchScreen;
				INFOPLIST_KEY_UIMainStoryboardFile = Main;
				INFOPLIST_KEY_UISupportedInterfaceOrientations_iPad = "UIInterfaceOrientationPortrait UIInterfaceOrientationPortraitUpsideDown UIInterfaceOrientationLandscapeLeft UIInterfaceOrientationLandscapeRight";
				INFOPLIST_KEY_UISupportedInterfaceOrientations_iPhone = "UIInterfaceOrientationPortrait UIInterfaceOrientationLandscapeLeft UIInterfaceOrientationLandscapeRight";
				LD_RUNPATH_SEARCH_PATHS = (
					"$(inherited)",
					"@executable_path/Frameworks",
				);
				MARKETING_VERSION = 1.0;
				PRODUCT_BUNDLE_IDENTIFIER = "com.markmdoza.I-am-Rich";
				PRODUCT_NAME = "$(TARGET_NAME)";
				SWIFT_EMIT_LOC_STRINGS = YES;
				SWIFT_VERSION = 5.0;
				TARGETED_DEVICE_FAMILY = "1,2";
			};
			name = Debug;
		};
		EB4AC40D2BEE64B1007F4210 /* Release */ = {
			isa = XCBuildConfiguration;
			buildSettings = {
				ASSETCATALOG_COMPILER_APPICON_NAME = AppIcon;
				ASSETCATALOG_COMPILER_GLOBAL_ACCENT_COLOR_NAME = AccentColor;
				CODE_SIGN_STYLE = Automatic;
				CURRENT_PROJECT_VERSION = 1;
				GENERATE_INFOPLIST_FILE = YES;
				INFOPLIST_FILE = "I am Rich/Info.plist";
				INFOPLIST_KEY_UIApplicationSupportsIndirectInputEvents = YES;
				INFOPLIST_KEY_UILaunchStoryboardName = LaunchScreen;
				INFOPLIST_KEY_UIMainStoryboardFile = Main;
				INFOPLIST_KEY_UISupportedInterfaceOrientations_iPad = "UIInterfaceOrientationPortrait UIInterfaceOrientationPortraitUpsideDown UIInterfaceOrientationLandscapeLeft UIInterfaceOrientationLandscapeRight";
				INFOPLIST_KEY_UISupportedInterfaceOrientations_iPhone = "UIInterfaceOrientationPortrait UIInterfaceOrientationLandscapeLeft UIInterfaceOrientationLandscapeRight";
				LD_RUNPATH_SEARCH_PATHS = (
					"$(inherited)",
					"@executable_path/Frameworks",
				);
				MARKETING_VERSION = 1.0;
				PRODUCT_BUNDLE_IDENTIFIER = "com.markmdoza.I-am-Rich";
				PRODUCT_NAME = "$(TARGET_NAME)";
				SWIFT_EMIT_LOC_STRINGS = YES;
				SWIFT_VERSION = 5.0;
				TARGETED_DEVICE_FAMILY = "1,2";
			};
			name = Release;
		};
		EB4AC40F2BEE64B1007F4210 /* Debug */ = {
			isa = XCBuildConfiguration;
			buildSettings = {
				ALWAYS_EMBED_SWIFT_STANDARD_LIBRARIES = YES;
				BUNDLE_LOADER = "$(TEST_HOST)";
				CODE_SIGN_STYLE = Automatic;
				CURRENT_PROJECT_VERSION = 1;
				GENERATE_INFOPLIST_FILE = YES;
				IPHONEOS_DEPLOYMENT_TARGET = 17.2;
				MARKETING_VERSION = 1.0;
				PRODUCT_BUNDLE_IDENTIFIER = "com.markmdoza.I-am-RichTests";
				PRODUCT_NAME = "$(TARGET_NAME)";
				SWIFT_EMIT_LOC_STRINGS = NO;
				SWIFT_VERSION = 5.0;
				TARGETED_DEVICE_FAMILY = "1,2";
				TEST_HOST = "$(BUILT_PRODUCTS_DIR)/I am Rich.app/$(BUNDLE_EXECUTABLE_FOLDER_PATH)/I am Rich";
			};
			name = Debug;
		};
		EB4AC4102BEE64B1007F4210 /* Release */ = {
			isa = XCBuildConfiguration;
			buildSettings = {
				ALWAYS_EMBED_SWIFT_STANDARD_LIBRARIES = YES;
				BUNDLE_LOADER = "$(TEST_HOST)";
				CODE_SIGN_STYLE = Automatic;
				CURRENT_PROJECT_VERSION = 1;
				GENERATE_INFOPLIST_FILE = YES;
				IPHONEOS_DEPLOYMENT_TARGET = 17.2;
				MARKETING_VERSION = 1.0;
				PRODUCT_BUNDLE_IDENTIFIER = "com.markmdoza.I-am-RichTests";
				PRODUCT_NAME = "$(TARGET_NAME)";
				SWIFT_EMIT_LOC_STRINGS = NO;
				SWIFT_VERSION = 5.0;
				TARGETED_DEVICE_FAMILY = "1,2";
				TEST_HOST = "$(BUILT_PRODUCTS_DIR)/I am Rich.app/$(BUNDLE_EXECUTABLE_FOLDER_PATH)/I am Rich";
			};
			name = Release;
		};
		EB4AC4122BEE64B1007F4210 /* Debug */ = {
			isa = XCBuildConfiguration;
			buildSettings = {
				ALWAYS_EMBED_SWIFT_STANDARD_LIBRARIES = YES;
				CODE_SIGN_STYLE = Automatic;
				CURRENT_PROJECT_VERSION = 1;
				GENERATE_INFOPLIST_FILE = YES;
				MARKETING_VERSION = 1.0;
				PRODUCT_BUNDLE_IDENTIFIER = "com.markmdoza.I-am-RichUITests";
				PRODUCT_NAME = "$(TARGET_NAME)";
				SWIFT_EMIT_LOC_STRINGS = NO;
				SWIFT_VERSION = 5.0;
				TARGETED_DEVICE_FAMILY = "1,2";
				TEST_TARGET_NAME = "I am Rich";
			};
			name = Debug;
		};
		EB4AC4132BEE64B1007F4210 /* Release */ = {
			isa = XCBuildConfiguration;
			buildSettings = {
				ALWAYS_EMBED_SWIFT_STANDARD_LIBRARIES = YES;
				CODE_SIGN_STYLE = Automatic;
				CURRENT_PROJECT_VERSION = 1;
				GENERATE_INFOPLIST_FILE = YES;
				MARKETING_VERSION = 1.0;
				PRODUCT_BUNDLE_IDENTIFIER = "com.markmdoza.I-am-RichUITests";
				PRODUCT_NAME = "$(TARGET_NAME)";
				SWIFT_EMIT_LOC_STRINGS = NO;
				SWIFT_VERSION = 5.0;
				TARGETED_DEVICE_FAMILY = "1,2";
				TEST_TARGET_NAME = "I am Rich";
			};
			name = Release;
		};
/* End XCBuildConfiguration section */

/* Begin XCConfigurationList section */
		EB4AC3DC2BEE64B0007F4210 /* Build configuration list for PBXProject "I am Rich" */ = {
			isa = XCConfigurationList;
			buildConfigurations = (
				EB4AC4092BEE64B1007F4210 /* Debug */,
				EB4AC40A2BEE64B1007F4210 /* Release */,
			);
			defaultConfigurationIsVisible = 0;
			defaultConfigurationName = Release;
		};
		EB4AC40B2BEE64B1007F4210 /* Build configuration list for PBXNativeTarget "I am Rich" */ = {
			isa = XCConfigurationList;
			buildConfigurations = (
				EB4AC40C2BEE64B1007F4210 /* Debug */,
				EB4AC40D2BEE64B1007F4210 /* Release */,
			);
			defaultConfigurationIsVisible = 0;
			defaultConfigurationName = Release;
		};
		EB4AC40E2BEE64B1007F4210 /* Build configuration list for PBXNativeTarget "I am RichTests" */ = {
			isa = XCConfigurationList;
			buildConfigurations = (
				EB4AC40F2BEE64B1007F4210 /* Debug */,
				EB4AC4102BEE64B1007F4210 /* Release */,
			);
			defaultConfigurationIsVisible = 0;
			defaultConfigurationName = Release;
		};
		EB4AC4112BEE64B1007F4210 /* Build configuration list for PBXNativeTarget "I am RichUITests" */ = {
			isa = XCConfigurationList;
			buildConfigurations = (
				EB4AC4122BEE64B1007F4210 /* Debug */,
				EB4AC4132BEE64B1007F4210 /* Release */,
			);
			defaultConfigurationIsVisible = 0;
			defaultConfigurationName = Release;
		};
/* End XCConfigurationList section */
	};
	rootObject = EB4AC3D92BEE64B0007F4210 /* Project object */;
}
